
Microsoft Visual Studio Solution File, Format Version 12.00
# Visual Studio 15
VisualStudioVersion = 15.0.25807.0
MinimumVisualStudioVersion = 10.0.40219.1
Project("{2150E333-8FDC-42A3-9474-1A3956D46DE8}") = "Engine", "Engine", "{C8A7858F-C833-433B-8287-D8E09F7A4F82}"
EndProject
Project("{2150E333-8FDC-42A3-9474-1A3956D46DE8}") = "Games", "Games", "{08D49B3A-975A-4FF1-87C7-90861F598780}"
EndProject
Project("{8BC9CEB8-8B4A-11D0-8D11-00A0C91BC942}") = "UE4", "Intermediate\ProjectFiles\UE4.vcxproj", "{04A18784-3648-4579-B8B5-44948B2C412E}"
EndProject
Project("{8BC9CEB8-8B4A-11D0-8D11-00A0C91BC942}") = "U2004_04_Battle", "Intermediate\ProjectFiles\U2004_04_Battle.vcxproj", "{FB30A64D-CAB4-4DEA-B217-B27C8799BE87}"
EndProject
Project("{2150E333-8FDC-42A3-9474-1A3956D46DE8}") = "Visualizers", "Visualizers", "{6E915590-13F9-4D55-8755-0F08C67EE204}"
	ProjectSection(SolutionItems) = preProject
		C:\Program Files\Epic Games\UE_4.22\Engine\Extras\VisualStudioDebugging\UE4.natvis = C:\Program Files\Epic Games\UE_4.22\Engine\Extras\VisualStudioDebugging\UE4.natvis
	EndProjectSection
EndProject
Global
	GlobalSection(SolutionConfigurationPlatforms) = preSolution
		DebugGame Editor|HTML5 = DebugGame Editor|HTML5
		DebugGame Editor|Win32 = DebugGame Editor|Win32
		DebugGame Editor|Win64 = DebugGame Editor|Win64
		DebugGame|HTML5 = DebugGame|HTML5
		DebugGame|Win32 = DebugGame|Win32
		DebugGame|Win64 = DebugGame|Win64
		Development Editor|HTML5 = Development Editor|HTML5
		Development Editor|Win32 = Development Editor|Win32
		Development Editor|Win64 = Development Editor|Win64
		Development|HTML5 = Development|HTML5
		Development|Win32 = Development|Win32
		Development|Win64 = Development|Win64
		Shipping|HTML5 = Shipping|HTML5
		Shipping|Win32 = Shipping|Win32
		Shipping|Win64 = Shipping|Win64
	EndGlobalSection
	GlobalSection(ProjectConfigurationPlatforms) = postSolution
		{04A18784-3648-4579-B8B5-44948B2C412E}.DebugGame Editor|HTML5.ActiveCfg = BuiltWithUnrealBuildTool|Win32
		{04A18784-3648-4579-B8B5-44948B2C412E}.DebugGame Editor|Win32.ActiveCfg = BuiltWithUnrealBuildTool|Win32
		{04A18784-3648-4579-B8B5-44948B2C412E}.DebugGame Editor|Win64.ActiveCfg = BuiltWithUnrealBuildTool|Win32
		{04A18784-3648-4579-B8B5-44948B2C412E}.DebugGame|HTML5.ActiveCfg = BuiltWithUnrealBuildTool|Win32
		{04A18784-3648-4579-B8B5-44948B2C412E}.DebugGame|Win32.ActiveCfg = BuiltWithUnrealBuildTool|Win32
		{04A18784-3648-4579-B8B5-44948B2C412E}.DebugGame|Win64.ActiveCfg = BuiltWithUnrealBuildTool|Win32
		{04A18784-3648-4579-B8B5-44948B2C412E}.Development Editor|HTML5.ActiveCfg = BuiltWithUnrealBuildTool|Win32
		{04A18784-3648-4579-B8B5-44948B2C412E}.Development Editor|Win32.ActiveCfg = BuiltWithUnrealBuildTool|Win32
		{04A18784-3648-4579-B8B5-44948B2C412E}.Development Editor|Win64.ActiveCfg = BuiltWithUnrealBuildTool|Win32
		{04A18784-3648-4579-B8B5-44948B2C412E}.Development|HTML5.ActiveCfg = BuiltWithUnrealBuildTool|Win32
		{04A18784-3648-4579-B8B5-44948B2C412E}.Development|Win32.ActiveCfg = BuiltWithUnrealBuildTool|Win32
		{04A18784-3648-4579-B8B5-44948B2C412E}.Development|Win64.ActiveCfg = BuiltWithUnrealBuildTool|Win32
		{04A18784-3648-4579-B8B5-44948B2C412E}.Shipping|HTML5.ActiveCfg = BuiltWithUnrealBuildTool|Win32
		{04A18784-3648-4579-B8B5-44948B2C412E}.Shipping|Win32.ActiveCfg = BuiltWithUnrealBuildTool|Win32
		{04A18784-3648-4579-B8B5-44948B2C412E}.Shipping|Win64.ActiveCfg = BuiltWithUnrealBuildTool|Win32
		{FB30A64D-CAB4-4DEA-B217-B27C8799BE87}.DebugGame Editor|HTML5.ActiveCfg = Invalid|Win32
		{FB30A64D-CAB4-4DEA-B217-B27C8799BE87}.DebugGame Editor|Win32.ActiveCfg = Invalid|Win32
		{FB30A64D-CAB4-4DEA-B217-B27C8799BE87}.DebugGame Editor|Win64.ActiveCfg = DebugGame_Editor|x64
		{FB30A64D-CAB4-4DEA-B217-B27C8799BE87}.DebugGame Editor|Win64.Build.0 = DebugGame_Editor|x64
		{FB30A64D-CAB4-4DEA-B217-B27C8799BE87}.DebugGame|HTML5.ActiveCfg = HTML5_DebugGame|Win32
		{FB30A64D-CAB4-4DEA-B217-B27C8799BE87}.DebugGame|HTML5.Build.0 = HTML5_DebugGame|Win32
		{FB30A64D-CAB4-4DEA-B217-B27C8799BE87}.DebugGame|Win32.ActiveCfg = DebugGame|Win32
		{FB30A64D-CAB4-4DEA-B217-B27C8799BE87}.DebugGame|Win32.Build.0 = DebugGame|Win32
		{FB30A64D-CAB4-4DEA-B217-B27C8799BE87}.DebugGame|Win64.ActiveCfg = DebugGame|x64
		{FB30A64D-CAB4-4DEA-B217-B27C8799BE87}.DebugGame|Win64.Build.0 = DebugGame|x64
		{FB30A64D-CAB4-4DEA-B217-B27C8799BE87}.Development Editor|HTML5.ActiveCfg = Invalid|Win32
		{FB30A64D-CAB4-4DEA-B217-B27C8799BE87}.Development Editor|Win32.ActiveCfg = Invalid|Win32
		{FB30A64D-CAB4-4DEA-B217-B27C8799BE87}.Development Editor|Win64.ActiveCfg = Development_Editor|x64
		{FB30A64D-CAB4-4DEA-B217-B27C8799BE87}.Development Editor|Win64.Build.0 = Development_Editor|x64
		{FB30A64D-CAB4-4DEA-B217-B27C8799BE87}.Development|HTML5.ActiveCfg = HTML5_Development|Win32
		{FB30A64D-CAB4-4DEA-B217-B27C8799BE87}.Development|HTML5.Build.0 = HTML5_Development|Win32
		{FB30A64D-CAB4-4DEA-B217-B27C8799BE87}.Development|Win32.ActiveCfg = Development|Win32
		{FB30A64D-CAB4-4DEA-B217-B27C8799BE87}.Development|Win32.Build.0 = Development|Win32
		{FB30A64D-CAB4-4DEA-B217-B27C8799BE87}.Development|Win64.ActiveCfg = Development|x64
		{FB30A64D-CAB4-4DEA-B217-B27C8799BE87}.Development|Win64.Build.0 = Development|x64
		{FB30A64D-CAB4-4DEA-B217-B27C8799BE87}.Shipping|HTML5.ActiveCfg = HTML5_Shipping|Win32
		{FB30A64D-CAB4-4DEA-B217-B27C8799BE87}.Shipping|HTML5.Build.0 = HTML5_Shipping|Win32
		{FB30A64D-CAB4-4DEA-B217-B27C8799BE87}.Shipping|Win32.ActiveCfg = Shipping|Win32
		{FB30A64D-CAB4-4DEA-B217-B27C8799BE87}.Shipping|Win32.Build.0 = Shipping|Win32
		{FB30A64D-CAB4-4DEA-B217-B27C8799BE87}.Shipping|Win64.ActiveCfg = Shipping|x64
		{FB30A64D-CAB4-4DEA-B217-B27C8799BE87}.Shipping|Win64.Build.0 = Shipping|x64
	EndGlobalSection
	GlobalSection(SolutionProperties) = preSolution
		HideSolutionNode = FALSE
	EndGlobalSection
	GlobalSection(NestedProjects) = preSolution
		{04A18784-3648-4579-B8B5-44948B2C412E} = {C8A7858F-C833-433B-8287-D8E09F7A4F82}
		{FB30A64D-CAB4-4DEA-B217-B27C8799BE87} = {08D49B3A-975A-4FF1-87C7-90861F598780}
	EndGlobalSection
EndGlobal
